
Microsoft Visual Studio Solution File, Format Version 12.00
# Visual Studio Version 17
VisualStudioVersion = 17.9.34728.123
MinimumVisualStudioVersion = 10.0.40219.1
Project("{FAE04EC0-301F-11D3-BF4B-00C04F79EFBC}") = "Task2.UpSkilling", "Task2.UpSkilling\Task2.UpSkilling.csproj", "{0057CCBC-0FA4-451E-9288-55C9CD84E171}"
EndProject
Global
	GlobalSection(SolutionConfigurationPlatforms) = preSolution
		Debug|Any CPU = Debug|Any CPU
		Release|Any CPU = Release|Any CPU
	EndGlobalSection
	GlobalSection(ProjectConfigurationPlatforms) = postSolution
		{0057CCBC-0FA4-451E-9288-55C9CD84E171}.Debug|Any CPU.ActiveCfg = Debug|Any CPU
		{0057CCBC-0FA4-451E-9288-55C9CD84E171}.Debug|Any CPU.Build.0 = Debug|Any CPU
		{0057CCBC-0FA4-451E-9288-55C9CD84E171}.Release|Any CPU.ActiveCfg = Release|Any CPU
		{0057CCBC-0FA4-451E-9288-55C9CD84E171}.Release|Any CPU.Build.0 = Release|Any CPU
	EndGlobalSection
	GlobalSection(SolutionProperties) = preSolution
		HideSolutionNode = FALSE
	EndGlobalSection
	GlobalSection(ExtensibilityGlobals) = postSolution
		SolutionGuid = {78E7BEF0-5DF2-442B-8789-8135146A8AE9}
	EndGlobalSection
EndGlobal
